{
  "name": "hr-axis-onprem-license-tooling",
  "version": "1.0.0",
  "lockfileVersion": 3,
  "requires": true,
  "packages": {
    "": {
      "name": "hr-axis-onprem-license-tooling",
      "version": "1.0.0",
      "devDependencies": {
        "spdx-license-list": "6.12.0"
      }
    },
    "node_modules/spdx-license-list": {
      "version": "6.12.0",
      "resolved": "https://registry.npmjs.org/spdx-license-list/-/spdx-license-list-6.12.0.tgz",
      "integrity": "sha512-+nUYqm3aZMSHbjsthK+i/HHI2okTElCvqwUd4k8QcSk+FTGgjq+fsdFj2wZOaX6XmR2JdWhf/NeflNnvKOjcnQ==",
      "dev": true,
      "license": "CC0-1.0",
      "engines": {
        "node": ">=8"
      },
      "funding": {
        "url": "https://github.com/sponsors/sindresorhus"
      }
    }
  }
}
